// !$*UTF8*$!
{
	archiveVersion = 1;
	classes = {
	};
	objectVersion = 55;
	objects = {

/* Begin PBXBuildFile section */
		444B422C28B4F33500823C07 /* AppDelegate.swift in Sources */ = {isa = PBXBuildFile; fileRef = 444B422B28B4F33500823C07 /* AppDelegate.swift */; };
		444B422E28B4F33500823C07 /* SceneDelegate.swift in Sources */ = {isa = PBXBuildFile; fileRef = 444B422D28B4F33500823C07 /* SceneDelegate.swift */; };
		444B423028B4F33500823C07 /* MainTabBarViewController.swift in Sources */ = {isa = PBXBuildFile; fileRef = 444B422F28B4F33500823C07 /* MainTabBarViewController.swift */; };
		444B423528B4F33800823C07 /* Assets.xcassets in Resources */ = {isa = PBXBuildFile; fileRef = 444B423428B4F33800823C07 /* Assets.xcassets */; };
		444B423828B4F33800823C07 /* LaunchScreen.storyboard in Resources */ = {isa = PBXBuildFile; fileRef = 444B423628B4F33800823C07 /* LaunchScreen.storyboard */; };
		444B424128B4F83D00823C07 /* HomeViewController.swift in Sources */ = {isa = PBXBuildFile; fileRef = 444B424028B4F83D00823C07 /* HomeViewController.swift */; };
		444B424328B4F8AE00823C07 /* UpcomingViewController.swift in Sources */ = {isa = PBXBuildFile; fileRef = 444B424228B4F8AE00823C07 /* UpcomingViewController.swift */; };
		444B424528B4F90B00823C07 /* SearchViewController.swift in Sources */ = {isa = PBXBuildFile; fileRef = 444B424428B4F90B00823C07 /* SearchViewController.swift */; };
		444B424728B4F99500823C07 /* DownloadsViewController.swift in Sources */ = {isa = PBXBuildFile; fileRef = 444B424628B4F99500823C07 /* DownloadsViewController.swift */; };
		444B424F28B5038100823C07 /* CollectionViewTableViewCell.swift in Sources */ = {isa = PBXBuildFile; fileRef = 444B424E28B5038100823C07 /* CollectionViewTableViewCell.swift */; };
		44AE15DD28B5162B00BB6638 /* HeroHeaderUIView.swift in Sources */ = {isa = PBXBuildFile; fileRef = 44AE15DC28B5162B00BB6638 /* HeroHeaderUIView.swift */; };
		44AE15DF28B53C6800BB6638 /* APICaller.swift in Sources */ = {isa = PBXBuildFile; fileRef = 44AE15DE28B53C6800BB6638 /* APICaller.swift */; };
		44AE15E128B5410800BB6638 /* Title.swift in Sources */ = {isa = PBXBuildFile; fileRef = 44AE15E028B5410800BB6638 /* Title.swift */; };
		44AE15E328B5449700BB6638 /* Extensions.swift in Sources */ = {isa = PBXBuildFile; fileRef = 44AE15E228B5449700BB6638 /* Extensions.swift */; };
		44AE15E728B561D600BB6638 /* TitleCollectionViewCell.swift in Sources */ = {isa = PBXBuildFile; fileRef = 44AE15E628B561D600BB6638 /* TitleCollectionViewCell.swift */; };
		44AE15EA28B5642D00BB6638 /* SDWebImage in Frameworks */ = {isa = PBXBuildFile; productRef = 44AE15E928B5642D00BB6638 /* SDWebImage */; };
		44AE15EC28B5642D00BB6638 /* SDWebImageMapKit in Frameworks */ = {isa = PBXBuildFile; productRef = 44AE15EB28B5642D00BB6638 /* SDWebImageMapKit */; };
		44AE15EE28B624E900BB6638 /* TitleTableViewCell.swift in Sources */ = {isa = PBXBuildFile; fileRef = 44AE15ED28B624E900BB6638 /* TitleTableViewCell.swift */; };
		44AE15F028B628E300BB6638 /* TitleViewModel.swift in Sources */ = {isa = PBXBuildFile; fileRef = 44AE15EF28B628E300BB6638 /* TitleViewModel.swift */; };
		44AE15F228B6390600BB6638 /* SearchResultsViewController.swift in Sources */ = {isa = PBXBuildFile; fileRef = 44AE15F128B6390600BB6638 /* SearchResultsViewController.swift */; };
		44AE15F628B64D8000BB6638 /* YouTubeSearchResponse.swift in Sources */ = {isa = PBXBuildFile; fileRef = 44AE15F528B64D8000BB6638 /* YouTubeSearchResponse.swift */; };
		44AE15F828B653FE00BB6638 /* TitlePreviewViewController.swift in Sources */ = {isa = PBXBuildFile; fileRef = 44AE15F728B653FE00BB6638 /* TitlePreviewViewController.swift */; };
		44AE15FA28B6583F00BB6638 /* TitlePreviewViewModel.swift in Sources */ = {isa = PBXBuildFile; fileRef = 44AE15F928B6583F00BB6638 /* TitlePreviewViewModel.swift */; };
		44AE162028B781B900BB6638 /* MyProjectModel.xcdatamodeld in Sources */ = {isa = PBXBuildFile; fileRef = 44AE161E28B781B900BB6638 /* MyProjectModel.xcdatamodeld */; };
		44AE162228B7850A00BB6638 /* DataManager.swift in Sources */ = {isa = PBXBuildFile; fileRef = 44AE162128B7850A00BB6638 /* DataManager.swift */; };
/* End PBXBuildFile section */

/* Begin PBXFileReference section */
		444B422828B4F33500823C07 /* MyProject.app */ = {isa = PBXFileReference; explicitFileType = wrapper.application; includeInIndex = 0; path = MyProject.app; sourceTree = BUILT_PRODUCTS_DIR; };
		444B422B28B4F33500823C07 /* AppDelegate.swift */ = {isa = PBXFileReference; lastKnownFileType = sourcecode.swift; path = AppDelegate.swift; sourceTree = "<group>"; };
		444B422D28B4F33500823C07 /* SceneDelegate.swift */ = {isa = PBXFileReference; lastKnownFileType = sourcecode.swift; path = SceneDelegate.swift; sourceTree = "<group>"; };
		444B422F28B4F33500823C07 /* MainTabBarViewController.swift */ = {isa = PBXFileReference; lastKnownFileType = sourcecode.swift; path = MainTabBarViewController.swift; sourceTree = "<group>"; };
		444B423428B4F33800823C07 /* Assets.xcassets */ = {isa = PBXFileReference; lastKnownFileType = folder.assetcatalog; path = Assets.xcassets; sourceTree = "<group>"; };
		444B423728B4F33800823C07 /* Base */ = {isa = PBXFileReference; lastKnownFileType = file.storyboard; name = Base; path = Base.lproj/LaunchScreen.storyboard; sourceTree = "<group>"; };
		444B423928B4F33800823C07 /* Info.plist */ = {isa = PBXFileReference; lastKnownFileType = text.plist.xml; path = Info.plist; sourceTree = "<group>"; };
		444B424028B4F83D00823C07 /* HomeViewController.swift */ = {isa = PBXFileReference; lastKnownFileType = sourcecode.swift; path = HomeViewController.swift; sourceTree = "<group>"; };
		444B424228B4F8AE00823C07 /* UpcomingViewController.swift */ = {isa = PBXFileReference; lastKnownFileType = sourcecode.swift; path = UpcomingViewController.swift; sourceTree = "<group>"; };
		444B424428B4F90B00823C07 /* SearchViewController.swift */ = {isa = PBXFileReference; lastKnownFileType = sourcecode.swift; path = SearchViewController.swift; sourceTree = "<group>"; };
		444B424628B4F99500823C07 /* DownloadsViewController.swift */ = {isa = PBXFileReference; lastKnownFileType = sourcecode.swift; path = DownloadsViewController.swift; sourceTree = "<group>"; };
		444B424E28B5038100823C07 /* CollectionViewTableViewCell.swift */ = {isa = PBXFileReference; lastKnownFileType = sourcecode.swift; path = CollectionViewTableViewCell.swift; sourceTree = "<group>"; };
		44AE15DC28B5162B00BB6638 /* HeroHeaderUIView.swift */ = {isa = PBXFileReference; lastKnownFileType = sourcecode.swift; path = HeroHeaderUIView.swift; sourceTree = "<group>"; };
		44AE15DE28B53C6800BB6638 /* APICaller.swift */ = {isa = PBXFileReference; lastKnownFileType = sourcecode.swift; path = APICaller.swift; sourceTree = "<group>"; };
		44AE15E028B5410800BB6638 /* Title.swift */ = {isa = PBXFileReference; lastKnownFileType = sourcecode.swift; path = Title.swift; sourceTree = "<group>"; };
		44AE15E228B5449700BB6638 /* Extensions.swift */ = {isa = PBXFileReference; lastKnownFileType = sourcecode.swift; path = Extensions.swift; sourceTree = "<group>"; };
		44AE15E628B561D600BB6638 /* TitleCollectionViewCell.swift */ = {isa = PBXFileReference; lastKnownFileType = sourcecode.swift; path = TitleCollectionViewCell.swift; sourceTree = "<group>"; };
		44AE15ED28B624E900BB6638 /* TitleTableViewCell.swift */ = {isa = PBXFileReference; lastKnownFileType = sourcecode.swift; path = TitleTableViewCell.swift; sourceTree = "<group>"; };
		44AE15EF28B628E300BB6638 /* TitleViewModel.swift */ = {isa = PBXFileReference; lastKnownFileType = sourcecode.swift; path = TitleViewModel.swift; sourceTree = "<group>"; };
		44AE15F128B6390600BB6638 /* SearchResultsViewController.swift */ = {isa = PBXFileReference; lastKnownFileType = sourcecode.swift; path = SearchResultsViewController.swift; sourceTree = "<group>"; };
		44AE15F528B64D8000BB6638 /* YouTubeSearchResponse.swift */ = {isa = PBXFileReference; lastKnownFileType = sourcecode.swift; path = YouTubeSearchResponse.swift; sourceTree = "<group>"; };
		44AE15F728B653FE00BB6638 /* TitlePreviewViewController.swift */ = {isa = PBXFileReference; lastKnownFileType = sourcecode.swift; path = TitlePreviewViewController.swift; sourceTree = "<group>"; };
		44AE15F928B6583F00BB6638 /* TitlePreviewViewModel.swift */ = {isa = PBXFileReference; lastKnownFileType = sourcecode.swift; path = TitlePreviewViewModel.swift; sourceTree = "<group>"; };
		44AE161F28B781B900BB6638 /* MyProjectModel.xcdatamodel */ = {isa = PBXFileReference; lastKnownFileType = wrapper.xcdatamodel; path = MyProjectModel.xcdatamodel; sourceTree = "<group>"; };
		44AE162128B7850A00BB6638 /* DataManager.swift */ = {isa = PBXFileReference; lastKnownFileType = sourcecode.swift; path = DataManager.swift; sourceTree = "<group>"; };
/* End PBXFileReference section */

/* Begin PBXFrameworksBuildPhase section */
		444B422528B4F33500823C07 /* Frameworks */ = {
			isa = PBXFrameworksBuildPhase;
			buildActionMask = 2147483647;
			files = (
				44AE15EC28B5642D00BB6638 /* SDWebImageMapKit in Frameworks */,
				44AE15EA28B5642D00BB6638 /* SDWebImage in Frameworks */,
			);
			runOnlyForDeploymentPostprocessing = 0;
		};
/* End PBXFrameworksBuildPhase section */

/* Begin PBXGroup section */
		444B421F28B4F33500823C07 = {
			isa = PBXGroup;
			children = (
				444B422A28B4F33500823C07 /* MyProject */,
				444B422928B4F33500823C07 /* Products */,
			);
			sourceTree = "<group>";
		};
		444B422928B4F33500823C07 /* Products */ = {
			isa = PBXGroup;
			children = (
				444B422828B4F33500823C07 /* MyProject.app */,
			);
			name = Products;
			sourceTree = "<group>";
		};
		444B422A28B4F33500823C07 /* MyProject */ = {
			isa = PBXGroup;
			children = (
				444B424D28B5034300823C07 /* Managers */,
				444B424C28B5033300823C07 /* Resources */,
				444B424B28B502D100823C07 /* Models */,
				444B424828B5029700823C07 /* Views */,
				444B424A28B502BE00823C07 /* ViewModels */,
				444B423F28B4F7F600823C07 /* Controllers */,
				444B422B28B4F33500823C07 /* AppDelegate.swift */,
				444B422D28B4F33500823C07 /* SceneDelegate.swift */,
				444B422F28B4F33500823C07 /* MainTabBarViewController.swift */,
				444B423428B4F33800823C07 /* Assets.xcassets */,
				444B423628B4F33800823C07 /* LaunchScreen.storyboard */,
				444B423928B4F33800823C07 /* Info.plist */,
				44AE161E28B781B900BB6638 /* MyProjectModel.xcdatamodeld */,
			);
			path = MyProject;
			sourceTree = "<group>";
		};
		444B423F28B4F7F600823C07 /* Controllers */ = {
			isa = PBXGroup;
			children = (
				44AE15F428B6395E00BB6638 /* General */,
				44AE15F328B6393B00BB6638 /* Core */,
			);
			path = Controllers;
			sourceTree = "<group>";
		};
		444B424828B5029700823C07 /* Views */ = {
			isa = PBXGroup;
			children = (
				444B424E28B5038100823C07 /* CollectionViewTableViewCell.swift */,
				44AE15DC28B5162B00BB6638 /* HeroHeaderUIView.swift */,
				44AE15E628B561D600BB6638 /* TitleCollectionViewCell.swift */,
				44AE15ED28B624E900BB6638 /* TitleTableViewCell.swift */,
			);
			path = Views;
			sourceTree = "<group>";
		};
		444B424A28B502BE00823C07 /* ViewModels */ = {
			isa = PBXGroup;
			children = (
				44AE15EF28B628E300BB6638 /* TitleViewModel.swift */,
				44AE15F928B6583F00BB6638 /* TitlePreviewViewModel.swift */,
			);
			path = ViewModels;
			sourceTree = "<group>";
		};
		444B424B28B502D100823C07 /* Models */ = {
			isa = PBXGroup;
			children = (
				44AE15E028B5410800BB6638 /* Title.swift */,
				44AE15F528B64D8000BB6638 /* YouTubeSearchResponse.swift */,
			);
			path = Models;
			sourceTree = "<group>";
		};
		444B424C28B5033300823C07 /* Resources */ = {
			isa = PBXGroup;
			children = (
				44AE15E228B5449700BB6638 /* Extensions.swift */,
			);
			path = Resources;
			sourceTree = "<group>";
		};
		444B424D28B5034300823C07 /* Managers */ = {
			isa = PBXGroup;
			children = (
				44AE15DE28B53C6800BB6638 /* APICaller.swift */,
				44AE162128B7850A00BB6638 /* DataManager.swift */,
			);
			path = Managers;
			sourceTree = "<group>";
		};
		44AE15F328B6393B00BB6638 /* Core */ = {
			isa = PBXGroup;
			children = (
				444B424028B4F83D00823C07 /* HomeViewController.swift */,
				444B424228B4F8AE00823C07 /* UpcomingViewController.swift */,
				444B424428B4F90B00823C07 /* SearchViewController.swift */,
				444B424628B4F99500823C07 /* DownloadsViewController.swift */,
			);
			path = Core;
			sourceTree = "<group>";
		};
		44AE15F428B6395E00BB6638 /* General */ = {
			isa = PBXGroup;
			children = (
				44AE15F128B6390600BB6638 /* SearchResultsViewController.swift */,
				44AE15F728B653FE00BB6638 /* TitlePreviewViewController.swift */,
			);
			path = General;
			sourceTree = "<group>";
		};
/* End PBXGroup section */

/* Begin PBXNativeTarget section */
		444B422728B4F33500823C07 /* MyProject */ = {
			isa = PBXNativeTarget;
			buildConfigurationList = 444B423C28B4F33800823C07 /* Build configuration list for PBXNativeTarget "MyProject" */;
			buildPhases = (
				444B422428B4F33500823C07 /* Sources */,
				444B422528B4F33500823C07 /* Frameworks */,
				444B422628B4F33500823C07 /* Resources */,
			);
			buildRules = (
			);
			dependencies = (
			);
			name = MyProject;
			packageProductDependencies = (
				44AE15E928B5642D00BB6638 /* SDWebImage */,
				44AE15EB28B5642D00BB6638 /* SDWebImageMapKit */,
			);
			productName = MyProject;
			productReference = 444B422828B4F33500823C07 /* MyProject.app */;
			productType = "com.apple.product-type.application";
		};
/* End PBXNativeTarget section */

/* Begin PBXProject section */
		444B422028B4F33500823C07 /* Project object */ = {
			isa = PBXProject;
			attributes = {
				BuildIndependentTargetsInParallel = 1;
				LastSwiftUpdateCheck = 1340;
				LastUpgradeCheck = 1340;
				TargetAttributes = {
					444B422728B4F33500823C07 = {
						CreatedOnToolsVersion = 13.4.1;
					};
				};
			};
			buildConfigurationList = 444B422328B4F33500823C07 /* Build configuration list for PBXProject "MyProject" */;
			compatibilityVersion = "Xcode 13.0";
			developmentRegion = en;
			hasScannedForEncodings = 0;
			knownRegions = (
				en,
				Base,
			);
			mainGroup = 444B421F28B4F33500823C07;
			packageReferences = (
				44AE15E828B5642D00BB6638 /* XCRemoteSwiftPackageReference "SDWebImage" */,
			);
			productRefGroup = 444B422928B4F33500823C07 /* Products */;
			projectDirPath = "";
			projectRoot = "";
			targets = (
				444B422728B4F33500823C07 /* MyProject */,
			);
		};
/* End PBXProject section */

/* Begin PBXResourcesBuildPhase section */
		444B422628B4F33500823C07 /* Resources */ = {
			isa = PBXResourcesBuildPhase;
			buildActionMask = 2147483647;
			files = (
				444B423828B4F33800823C07 /* LaunchScreen.storyboard in Resources */,
				444B423528B4F33800823C07 /* Assets.xcassets in Resources */,
			);
			runOnlyForDeploymentPostprocessing = 0;
		};
/* End PBXResourcesBuildPhase section */

/* Begin PBXSourcesBuildPhase section */
		444B422428B4F33500823C07 /* Sources */ = {
			isa = PBXSourcesBuildPhase;
			buildActionMask = 2147483647;
			files = (
				44AE15EE28B624E900BB6638 /* TitleTableViewCell.swift in Sources */,
				444B424528B4F90B00823C07 /* SearchViewController.swift in Sources */,
				44AE15E728B561D600BB6638 /* TitleCollectionViewCell.swift in Sources */,
				444B423028B4F33500823C07 /* MainTabBarViewController.swift in Sources */,
				444B424F28B5038100823C07 /* CollectionViewTableViewCell.swift in Sources */,
				44AE15DF28B53C6800BB6638 /* APICaller.swift in Sources */,
				44AE15DD28B5162B00BB6638 /* HeroHeaderUIView.swift in Sources */,
				444B424728B4F99500823C07 /* DownloadsViewController.swift in Sources */,
				444B422C28B4F33500823C07 /* AppDelegate.swift in Sources */,
				44AE15F228B6390600BB6638 /* SearchResultsViewController.swift in Sources */,
				44AE162228B7850A00BB6638 /* DataManager.swift in Sources */,
				44AE15E328B5449700BB6638 /* Extensions.swift in Sources */,
				44AE15F628B64D8000BB6638 /* YouTubeSearchResponse.swift in Sources */,
				444B422E28B4F33500823C07 /* SceneDelegate.swift in Sources */,
				44AE162028B781B900BB6638 /* MyProjectModel.xcdatamodeld in Sources */,
				44AE15FA28B6583F00BB6638 /* TitlePreviewViewModel.swift in Sources */,
				444B424328B4F8AE00823C07 /* UpcomingViewController.swift in Sources */,
				44AE15F828B653FE00BB6638 /* TitlePreviewViewController.swift in Sources */,
				44AE15E128B5410800BB6638 /* Title.swift in Sources */,
				444B424128B4F83D00823C07 /* HomeViewController.swift in Sources */,
				44AE15F028B628E300BB6638 /* TitleViewModel.swift in Sources */,
			);
			runOnlyForDeploymentPostprocessing = 0;
		};
/* End PBXSourcesBuildPhase section */

/* Begin PBXVariantGroup section */
		444B423628B4F33800823C07 /* LaunchScreen.storyboard */ = {
			isa = PBXVariantGroup;
			children = (
				444B423728B4F33800823C07 /* Base */,
			);
			name = LaunchScreen.storyboard;
			sourceTree = "<group>";
		};
/* End PBXVariantGroup section */

/* Begin XCBuildConfiguration section */
		444B423A28B4F33800823C07 /* Debug */ = {
			isa = XCBuildConfiguration;
			buildSettings = {
				ALWAYS_SEARCH_USER_PATHS = NO;
				CLANG_ANALYZER_NONNULL = YES;
				CLANG_ANALYZER_NUMBER_OBJECT_CONVERSION = YES_AGGRESSIVE;
				CLANG_CXX_LANGUAGE_STANDARD = "gnu++17";
				CLANG_ENABLE_MODULES = YES;
				CLANG_ENABLE_OBJC_ARC = YES;
				CLANG_ENABLE_OBJC_WEAK = YES;
				CLANG_WARN_BLOCK_CAPTURE_AUTORELEASING = YES;
				CLANG_WARN_BOOL_CONVERSION = YES;
				CLANG_WARN_COMMA = YES;
				CLANG_WARN_CONSTANT_CONVERSION = YES;
				CLANG_WARN_DEPRECATED_OBJC_IMPLEMENTATIONS = YES;
				CLANG_WARN_DIRECT_OBJC_ISA_USAGE = YES_ERROR;
				CLANG_WARN_DOCUMENTATION_COMMENTS = YES;
				CLANG_WARN_EMPTY_BODY = YES;
				CLANG_WARN_ENUM_CONVERSION = YES;
				CLANG_WARN_INFINITE_RECURSION = YES;
				CLANG_WARN_INT_CONVERSION = YES;
				CLANG_WARN_NON_LITERAL_NULL_CONVERSION = YES;
				CLANG_WARN_OBJC_IMPLICIT_RETAIN_SELF = YES;
				CLANG_WARN_OBJC_LITERAL_CONVERSION = YES;
				CLANG_WARN_OBJC_ROOT_CLASS = YES_ERROR;
				CLANG_WARN_QUOTED_INCLUDE_IN_FRAMEWORK_HEADER = YES;
				CLANG_WARN_RANGE_LOOP_ANALYSIS = YES;
				CLANG_WARN_STRICT_PROTOTYPES = YES;
				CLANG_WARN_SUSPICIOUS_MOVE = YES;
				CLANG_WARN_UNGUARDED_AVAILABILITY = YES_AGGRESSIVE;
				CLANG_WARN_UNREACHABLE_CODE = YES;
				CLANG_WARN__DUPLICATE_METHOD_MATCH = YES;
				COPY_PHASE_STRIP = NO;
				DEBUG_INFORMATION_FORMAT = dwarf;
				ENABLE_STRICT_OBJC_MSGSEND = YES;
				ENABLE_TESTABILITY = YES;
				GCC_C_LANGUAGE_STANDARD = gnu11;
				GCC_DYNAMIC_NO_PIC = NO;
				GCC_NO_COMMON_BLOCKS = YES;
				GCC_OPTIMIZATION_LEVEL = 0;
				GCC_PREPROCESSOR_DEFINITIONS = (
					"DEBUG=1",
					"$(inherited)",
				);
				GCC_WARN_64_TO_32_BIT_CONVERSION = YES;
				GCC_WARN_ABOUT_RETURN_TYPE = YES_ERROR;
				GCC_WARN_UNDECLARED_SELECTOR = YES;
				GCC_WARN_UNINITIALIZED_AUTOS = YES_AGGRESSIVE;
				GCC_WARN_UNUSED_FUNCTION = YES;
				GCC_WARN_UNUSED_VARIABLE = YES;
				IPHONEOS_DEPLOYMENT_TARGET = 15.5;
				MTL_ENABLE_DEBUG_INFO = INCLUDE_SOURCE;
				MTL_FAST_MATH = YES;
				ONLY_ACTIVE_ARCH = YES;
				SDKROOT = iphoneos;
				SWIFT_ACTIVE_COMPILATION_CONDITIONS = DEBUG;
				SWIFT_OPTIMIZATION_LEVEL = "-Onone";
			};
			name = Debug;
		};
		444B423B28B4F33800823C07 /* Release */ = {
			isa = XCBuildConfiguration;
			buildSettings = {
				ALWAYS_SEARCH_USER_PATHS = NO;
				CLANG_ANALYZER_NONNULL = YES;
				CLANG_ANALYZER_NUMBER_OBJECT_CONVERSION = YES_AGGRESSIVE;
				CLANG_CXX_LANGUAGE_STANDARD = "gnu++17";
				CLANG_ENABLE_MODULES = YES;
				CLANG_ENABLE_OBJC_ARC = YES;
				CLANG_ENABLE_OBJC_WEAK = YES;
				CLANG_WARN_BLOCK_CAPTURE_AUTORELEASING = YES;
				CLANG_WARN_BOOL_CONVERSION = YES;
				CLANG_WARN_COMMA = YES;
				CLANG_WARN_CONSTANT_CONVERSION = YES;
				CLANG_WARN_DEPRECATED_OBJC_IMPLEMENTATIONS = YES;
				CLANG_WARN_DIRECT_OBJC_ISA_USAGE = YES_ERROR;
				CLANG_WARN_DOCUMENTATION_COMMENTS = YES;
				CLANG_WARN_EMPTY_BODY = YES;
				CLANG_WARN_ENUM_CONVERSION = YES;
				CLANG_WARN_INFINITE_RECURSION = YES;
				CLANG_WARN_INT_CONVERSION = YES;
				CLANG_WARN_NON_LITERAL_NULL_CONVERSION = YES;
				CLANG_WARN_OBJC_IMPLICIT_RETAIN_SELF = YES;
				CLANG_WARN_OBJC_LITERAL_CONVERSION = YES;
				CLANG_WARN_OBJC_ROOT_CLASS = YES_ERROR;
				CLANG_WARN_QUOTED_INCLUDE_IN_FRAMEWORK_HEADER = YES;
				CLANG_WARN_RANGE_LOOP_ANALYSIS = YES;
				CLANG_WARN_STRICT_PROTOTYPES = YES;
				CLANG_WARN_SUSPICIOUS_MOVE = YES;
				CLANG_WARN_UNGUARDED_AVAILABILITY = YES_AGGRESSIVE;
				CLANG_WARN_UNREACHABLE_CODE = YES;
				CLANG_WARN__DUPLICATE_METHOD_MATCH = YES;
				COPY_PHASE_STRIP = NO;
				DEBUG_INFORMATION_FORMAT = "dwarf-with-dsym";
				ENABLE_NS_ASSERTIONS = NO;
				ENABLE_STRICT_OBJC_MSGSEND = YES;
				GCC_C_LANGUAGE_STANDARD = gnu11;
				GCC_NO_COMMON_BLOCKS = YES;
				GCC_WARN_64_TO_32_BIT_CONVERSION = YES;
				GCC_WARN_ABOUT_RETURN_TYPE = YES_ERROR;
				GCC_WARN_UNDECLARED_SELECTOR = YES;
				GCC_WARN_UNINITIALIZED_AUTOS = YES_AGGRESSIVE;
				GCC_WARN_UNUSED_FUNCTION = YES;
				GCC_WARN_UNUSED_VARIABLE = YES;
				IPHONEOS_DEPLOYMENT_TARGET = 15.5;
				MTL_ENABLE_DEBUG_INFO = NO;
				MTL_FAST_MATH = YES;
				SDKROOT = iphoneos;
				SWIFT_COMPILATION_MODE = wholemodule;
				SWIFT_OPTIMIZATION_LEVEL = "-O";
				VALIDATE_PRODUCT = YES;
			};
			name = Release;
		};
		444B423D28B4F33800823C07 /* Debug */ = {
			isa = XCBuildConfiguration;
			buildSettings = {
				ASSETCATALOG_COMPILER_APPICON_NAME = AppIcon;
				ASSETCATALOG_COMPILER_GLOBAL_ACCENT_COLOR_NAME = AccentColor;
				CODE_SIGN_STYLE = Automatic;
				CURRENT_PROJECT_VERSION = 1;
				GENERATE_INFOPLIST_FILE = YES;
				INFOPLIST_FILE = MyProject/Info.plist;
				INFOPLIST_KEY_UIApplicationSupportsIndirectInputEvents = YES;
				INFOPLIST_KEY_UILaunchStoryboardName = LaunchScreen;
				INFOPLIST_KEY_UISupportedInterfaceOrientations_iPad = "UIInterfaceOrientationPortrait UIInterfaceOrientationPortraitUpsideDown UIInterfaceOrientationLandscapeLeft UIInterfaceOrientationLandscapeRight";
				INFOPLIST_KEY_UISupportedInterfaceOrientations_iPhone = "UIInterfaceOrientationPortrait UIInterfaceOrientationLandscapeLeft UIInterfaceOrientationLandscapeRight";
				LD_RUNPATH_SEARCH_PATHS = (
					"$(inherited)",
					"@executable_path/Frameworks",
				);
				MARKETING_VERSION = 1.0;
				PRODUCT_BUNDLE_IDENTIFIER = ME.MyProject;
				PRODUCT_NAME = "$(TARGET_NAME)";
				SWIFT_EMIT_LOC_STRINGS = YES;
				SWIFT_VERSION = 5.0;
				TARGETED_DEVICE_FAMILY = "1,2";
			};
			name = Debug;
		};
		444B423E28B4F33800823C07 /* Release */ = {
			isa = XCBuildConfiguration;
			buildSettings = {
				ASSETCATALOG_COMPILER_APPICON_NAME = AppIcon;
				ASSETCATALOG_COMPILER_GLOBAL_ACCENT_COLOR_NAME = AccentColor;
				CODE_SIGN_STYLE = Automatic;
				CURRENT_PROJECT_VERSION = 1;
				GENERATE_INFOPLIST_FILE = YES;
				INFOPLIST_FILE = MyProject/Info.plist;
				INFOPLIST_KEY_UIApplicationSupportsIndirectInputEvents = YES;
				INFOPLIST_KEY_UILaunchStoryboardName = LaunchScreen;
				INFOPLIST_KEY_UISupportedInterfaceOrientations_iPad = "UIInterfaceOrientationPortrait UIInterfaceOrientationPortraitUpsideDown UIInterfaceOrientationLandscapeLeft UIInterfaceOrientationLandscapeRight";
				INFOPLIST_KEY_UISupportedInterfaceOrientations_iPhone = "UIInterfaceOrientationPortrait UIInterfaceOrientationLandscapeLeft UIInterfaceOrientationLandscapeRight";
				LD_RUNPATH_SEARCH_PATHS = (
					"$(inherited)",
					"@executable_path/Frameworks",
				);
				MARKETING_VERSION = 1.0;
				PRODUCT_BUNDLE_IDENTIFIER = ME.MyProject;
				PRODUCT_NAME = "$(TARGET_NAME)";
				SWIFT_EMIT_LOC_STRINGS = YES;
				SWIFT_VERSION = 5.0;
				TARGETED_DEVICE_FAMILY = "1,2";
			};
			name = Release;
		};
/* End XCBuildConfiguration section */

/* Begin XCConfigurationList section */
		444B422328B4F33500823C07 /* Build configuration list for PBXProject "MyProject" */ = {
			isa = XCConfigurationList;
			buildConfigurations = (
				444B423A28B4F33800823C07 /* Debug */,
				444B423B28B4F33800823C07 /* Release */,
			);
			defaultConfigurationIsVisible = 0;
			defaultConfigurationName = Release;
		};
		444B423C28B4F33800823C07 /* Build configuration list for PBXNativeTarget "MyProject" */ = {
			isa = XCConfigurationList;
			buildConfigurations = (
				444B423D28B4F33800823C07 /* Debug */,
				444B423E28B4F33800823C07 /* Release */,
			);
			defaultConfigurationIsVisible = 0;
			defaultConfigurationName = Release;
		};
/* End XCConfigurationList section */

/* Begin XCRemoteSwiftPackageReference section */
		44AE15E828B5642D00BB6638 /* XCRemoteSwiftPackageReference "SDWebImage" */ = {
			isa = XCRemoteSwiftPackageReference;
			repositoryURL = "https://github.com/SDWebImage/SDWebImage.git";
			requirement = {
				branch = master;
				kind = branch;
			};
		};
/* End XCRemoteSwiftPackageReference section */

/* Begin XCSwiftPackageProductDependency section */
		44AE15E928B5642D00BB6638 /* SDWebImage */ = {
			isa = XCSwiftPackageProductDependency;
			package = 44AE15E828B5642D00BB6638 /* XCRemoteSwiftPackageReference "SDWebImage" */;
			productName = SDWebImage;
		};
		44AE15EB28B5642D00BB6638 /* SDWebImageMapKit */ = {
			isa = XCSwiftPackageProductDependency;
			package = 44AE15E828B5642D00BB6638 /* XCRemoteSwiftPackageReference "SDWebImage" */;
			productName = SDWebImageMapKit;
		};
/* End XCSwiftPackageProductDependency section */

/* Begin XCVersionGroup section */
		44AE161E28B781B900BB6638 /* MyProjectModel.xcdatamodeld */ = {
			isa = XCVersionGroup;
			children = (
				44AE161F28B781B900BB6638 /* MyProjectModel.xcdatamodel */,
			);
			currentVersion = 44AE161F28B781B900BB6638 /* MyProjectModel.xcdatamodel */;
			path = MyProjectModel.xcdatamodeld;
			sourceTree = "<group>";
			versionGroupType = wrapper.xcdatamodel;
		};
/* End XCVersionGroup section */
	};
	rootObject = 444B422028B4F33500823C07 /* Project object */;
}
